{
  "name": "miniprogram",
  "version": "1.0.0",
  "lockfileVersion": 1,
  "requires": true,
  "dependencies": {
    "lottie-miniprogram": {
      "version": "1.0.3",
      "resolved": "http://r.tnpm.oa.com/lottie-miniprogram/download/lottie-miniprogram-1.0.3.tgz",
      "integrity": "sha1-1BweWyZMJhg36CsRz7sNmHKGeWs="
    }
  }
}
